
Microsoft Visual Studio Solution File, Format Version 12.00
# Visual Studio 14
VisualStudioVersion = 14.0.25123.0
MinimumVisualStudioVersion = 10.0.40219.1
Project("{FAE04EC0-301F-11D3-BF4B-00C04F79EFBC}") = "Blueprint", "Blueprint\Blueprint.csproj", "{0BA02961-4C50-4CD3-9490-C4BBE1557CB6}"
EndProject
Global
	GlobalSection(SolutionConfigurationPlatforms) = preSolution
		Debug|Any CPU = Debug|Any CPU
		Release|Any CPU = Release|Any CPU
	EndGlobalSection
	GlobalSection(ProjectConfigurationPlatforms) = postSolution
		{0BA02961-4C50-4CD3-9490-C4BBE1557CB6}.Debug|Any CPU.ActiveCfg = Debug|Any CPU
		{0BA02961-4C50-4CD3-9490-C4BBE1557CB6}.Debug|Any CPU.Build.0 = Debug|Any CPU
		{0BA02961-4C50-4CD3-9490-C4BBE1557CB6}.Release|Any CPU.ActiveCfg = Release|Any CPU
		{0BA02961-4C50-4CD3-9490-C4BBE1557CB6}.Release|Any CPU.Build.0 = Release|Any CPU
	EndGlobalSection
	GlobalSection(SolutionProperties) = preSolution
		HideSolutionNode = FALSE
	EndGlobalSection
	GlobalSection(TeamFoundationVersionControl) = preSolution
		SccNumberOfProjects = 2
		SccEnterpriseProvider = {4CA58AB2-18FA-4F8D-95D4-32DDF27D184C}
		SccTeamFoundationServer = https://phamtamanhfai.visualstudio.com/
		SccLocalPath0 = .
		SccProjectUniqueName1 = Blueprint\\Blueprint.csproj
		SccProjectName1 = Blueprint
		SccLocalPath1 = Blueprint
	EndGlobalSection
EndGlobal
